
Microsoft Visual Studio Solution File, Format Version 12.00
# Visual Studio Version 16
VisualStudioVersion = 16.0.31702.278
MinimumVisualStudioVersion = 10.0.40219.1
Project("{9A19103F-16F7-4668-BE54-9A1E7A4F7556}") = "Day1011.Calcolatrice", "Day1011.Calcolatrice\Day1011.Calcolatrice.csproj", "{366C18DE-4C8C-40AA-9D0F-BD68D8F9C958}"
EndProject
Project("{9A19103F-16F7-4668-BE54-9A1E7A4F7556}") = "Day1011.EsercizioBolletta", "Day1011.EsercizioBolletta\Day1011.EsercizioBolletta.csproj", "{14B85096-40E1-4233-85FB-E69673A7D588}"
EndProject
Project("{9A19103F-16F7-4668-BE54-9A1E7A4F7556}") = "Day1012.EsercizioCarteDiCredito", "Day1012.EsercizioCarteDiCredito\Day1012.EsercizioCarteDiCredito.csproj", "{883309B6-1F6B-412E-919B-E036A9479FDF}"
EndProject
Project("{9A19103F-16F7-4668-BE54-9A1E7A4F7556}") = "Day1012.ScritturaLetturaDaFile", "Day1012.ScritturaLetturaDaFile\Day1012.ScritturaLetturaDaFile.csproj", "{8FA0A390-D5E2-45B4-82CF-BFF0173CB458}"
EndProject
Project("{9A19103F-16F7-4668-BE54-9A1E7A4F7556}") = "Day1013.EsercizioIndovinaNumero", "Day1013.EsercizioIndovinaNumero\Day1013.EsercizioIndovinaNumero.csproj", "{211EE9A9-C42D-41CD-844E-A653DDF2D3C5}"
EndProject
Project("{9A19103F-16F7-4668-BE54-9A1E7A4F7556}") = "Day1013.RicorsioneEsempioSommaNNaturali", "Day1013.RicorsioneEsempioSommaNNaturali\Day1013.RicorsioneEsempioSommaNNaturali.csproj", "{02503CA0-28FA-4074-B36E-6431F5A631BB}"
EndProject
Project("{9A19103F-16F7-4668-BE54-9A1E7A4F7556}") = "Day1013.RicorsioneFibonacci", "Day1013.RicorsioneFibonacci\Day1013.RicorsioneFibonacci.csproj", "{FE3D16A3-B098-4155-9B5D-B31A83069647}"
EndProject
Project("{9A19103F-16F7-4668-BE54-9A1E7A4F7556}") = "Day1013.RicorsioneFattoriale", "Day1013.RicorsioneFattoriale\Day1013.RicorsioneFattoriale.csproj", "{1666A68F-4FC6-4FE3-B657-E2B01DA9EDA8}"
EndProject
Project("{9A19103F-16F7-4668-BE54-9A1E7A4F7556}") = "Day1013.EsercizioInteressi", "Day1013.EsercizioInteressi\Day1013.EsercizioInteressi.csproj", "{FD430406-D79F-431C-B570-A4C8A2B4E3B9}"
EndProject
Project("{FAE04EC0-301F-11D3-BF4B-00C04F79EFBC}") = "Day1014.ClassiEsercizioLibreria", "Day1014.ClassiEsercizioLibreria\Day1014.ClassiEsercizioLibreria.csproj", "{17E1803C-1713-42CF-A687-202A46CEBB95}"
EndProject
Global
	GlobalSection(SolutionConfigurationPlatforms) = preSolution
		Debug|Any CPU = Debug|Any CPU
		Release|Any CPU = Release|Any CPU
	EndGlobalSection
	GlobalSection(ProjectConfigurationPlatforms) = postSolution
		{366C18DE-4C8C-40AA-9D0F-BD68D8F9C958}.Debug|Any CPU.ActiveCfg = Debug|Any CPU
		{366C18DE-4C8C-40AA-9D0F-BD68D8F9C958}.Debug|Any CPU.Build.0 = Debug|Any CPU
		{366C18DE-4C8C-40AA-9D0F-BD68D8F9C958}.Release|Any CPU.ActiveCfg = Release|Any CPU
		{366C18DE-4C8C-40AA-9D0F-BD68D8F9C958}.Release|Any CPU.Build.0 = Release|Any CPU
		{14B85096-40E1-4233-85FB-E69673A7D588}.Debug|Any CPU.ActiveCfg = Debug|Any CPU
		{14B85096-40E1-4233-85FB-E69673A7D588}.Debug|Any CPU.Build.0 = Debug|Any CPU
		{14B85096-40E1-4233-85FB-E69673A7D588}.Release|Any CPU.ActiveCfg = Release|Any CPU
		{14B85096-40E1-4233-85FB-E69673A7D588}.Release|Any CPU.Build.0 = Release|Any CPU
		{883309B6-1F6B-412E-919B-E036A9479FDF}.Debug|Any CPU.ActiveCfg = Debug|Any CPU
		{883309B6-1F6B-412E-919B-E036A9479FDF}.Debug|Any CPU.Build.0 = Debug|Any CPU
		{883309B6-1F6B-412E-919B-E036A9479FDF}.Release|Any CPU.ActiveCfg = Release|Any CPU
		{883309B6-1F6B-412E-919B-E036A9479FDF}.Release|Any CPU.Build.0 = Release|Any CPU
		{8FA0A390-D5E2-45B4-82CF-BFF0173CB458}.Debug|Any CPU.ActiveCfg = Debug|Any CPU
		{8FA0A390-D5E2-45B4-82CF-BFF0173CB458}.Debug|Any CPU.Build.0 = Debug|Any CPU
		{8FA0A390-D5E2-45B4-82CF-BFF0173CB458}.Release|Any CPU.ActiveCfg = Release|Any CPU
		{8FA0A390-D5E2-45B4-82CF-BFF0173CB458}.Release|Any CPU.Build.0 = Release|Any CPU
		{211EE9A9-C42D-41CD-844E-A653DDF2D3C5}.Debug|Any CPU.ActiveCfg = Debug|Any CPU
		{211EE9A9-C42D-41CD-844E-A653DDF2D3C5}.Debug|Any CPU.Build.0 = Debug|Any CPU
		{211EE9A9-C42D-41CD-844E-A653DDF2D3C5}.Release|Any CPU.ActiveCfg = Release|Any CPU
		{211EE9A9-C42D-41CD-844E-A653DDF2D3C5}.Release|Any CPU.Build.0 = Release|Any CPU
		{02503CA0-28FA-4074-B36E-6431F5A631BB}.Debug|Any CPU.ActiveCfg = Debug|Any CPU
		{02503CA0-28FA-4074-B36E-6431F5A631BB}.Debug|Any CPU.Build.0 = Debug|Any CPU
		{02503CA0-28FA-4074-B36E-6431F5A631BB}.Release|Any CPU.ActiveCfg = Release|Any CPU
		{02503CA0-28FA-4074-B36E-6431F5A631BB}.Release|Any CPU.Build.0 = Release|Any CPU
		{FE3D16A3-B098-4155-9B5D-B31A83069647}.Debug|Any CPU.ActiveCfg = Debug|Any CPU
		{FE3D16A3-B098-4155-9B5D-B31A83069647}.Debug|Any CPU.Build.0 = Debug|Any CPU
		{FE3D16A3-B098-4155-9B5D-B31A83069647}.Release|Any CPU.ActiveCfg = Release|Any CPU
		{FE3D16A3-B098-4155-9B5D-B31A83069647}.Release|Any CPU.Build.0 = Release|Any CPU
		{1666A68F-4FC6-4FE3-B657-E2B01DA9EDA8}.Debug|Any CPU.ActiveCfg = Debug|Any CPU
		{1666A68F-4FC6-4FE3-B657-E2B01DA9EDA8}.Debug|Any CPU.Build.0 = Debug|Any CPU
		{1666A68F-4FC6-4FE3-B657-E2B01DA9EDA8}.Release|Any CPU.ActiveCfg = Release|Any CPU
		{1666A68F-4FC6-4FE3-B657-E2B01DA9EDA8}.Release|Any CPU.Build.0 = Release|Any CPU
		{FD430406-D79F-431C-B570-A4C8A2B4E3B9}.Debug|Any CPU.ActiveCfg = Debug|Any CPU
		{FD430406-D79F-431C-B570-A4C8A2B4E3B9}.Debug|Any CPU.Build.0 = Debug|Any CPU
		{FD430406-D79F-431C-B570-A4C8A2B4E3B9}.Release|Any CPU.ActiveCfg = Release|Any CPU
		{FD430406-D79F-431C-B570-A4C8A2B4E3B9}.Release|Any CPU.Build.0 = Release|Any CPU
		{17E1803C-1713-42CF-A687-202A46CEBB95}.Debug|Any CPU.ActiveCfg = Debug|Any CPU
		{17E1803C-1713-42CF-A687-202A46CEBB95}.Debug|Any CPU.Build.0 = Debug|Any CPU
		{17E1803C-1713-42CF-A687-202A46CEBB95}.Release|Any CPU.ActiveCfg = Release|Any CPU
		{17E1803C-1713-42CF-A687-202A46CEBB95}.Release|Any CPU.Build.0 = Release|Any CPU
	EndGlobalSection
	GlobalSection(SolutionProperties) = preSolution
		HideSolutionNode = FALSE
	EndGlobalSection
	GlobalSection(ExtensibilityGlobals) = postSolution
		SolutionGuid = {1FA6B17C-25AE-4951-9AEA-D3D35533738C}
	EndGlobalSection
EndGlobal
