
Microsoft Visual Studio Solution File, Format Version 12.00
# Visual Studio Version 16
VisualStudioVersion = 16.0.31702.278
MinimumVisualStudioVersion = 10.0.40219.1
Project("{FAE04EC0-301F-11D3-BF4B-00C04F79EFBC}") = "Day1011.Calcolatrice", "Day1011.Calcolatrice\Day1011.Calcolatrice.csproj", "{366C18DE-4C8C-40AA-9D0F-BD68D8F9C958}"
EndProject
Global
	GlobalSection(SolutionConfigurationPlatforms) = preSolution
		Debug|Any CPU = Debug|Any CPU
		Release|Any CPU = Release|Any CPU
	EndGlobalSection
	GlobalSection(ProjectConfigurationPlatforms) = postSolution
		{366C18DE-4C8C-40AA-9D0F-BD68D8F9C958}.Debug|Any CPU.ActiveCfg = Debug|Any CPU
		{366C18DE-4C8C-40AA-9D0F-BD68D8F9C958}.Debug|Any CPU.Build.0 = Debug|Any CPU
		{366C18DE-4C8C-40AA-9D0F-BD68D8F9C958}.Release|Any CPU.ActiveCfg = Release|Any CPU
		{366C18DE-4C8C-40AA-9D0F-BD68D8F9C958}.Release|Any CPU.Build.0 = Release|Any CPU
	EndGlobalSection
	GlobalSection(SolutionProperties) = preSolution
		HideSolutionNode = FALSE
	EndGlobalSection
	GlobalSection(ExtensibilityGlobals) = postSolution
		SolutionGuid = {1FA6B17C-25AE-4951-9AEA-D3D35533738C}
	EndGlobalSection
EndGlobal
